%{
  "artificery": {:hex, :artificery, "0.4.3", "0bc4260f988dcb9dda4b23f9fc3c6c8b99a6220a331534fdf5bf2fd0d4333b02", [:mix], [], "hexpm", "12e95333a30e20884e937abdbefa3e7f5e05609c2ba8cf37b33f000b9ffc0504"},
  "confex": {:hex, :confex, "3.5.0", "163857c73dd8f88a3815663f4bc00bee1b9c65daf40aa6e0d6ef272757fd22c7", [:mix], [], "hexpm", "34a9e31230c7fbb3dbe60db00341d0c84ee44ba3caf84b498f501c0bc8563570"},
  "cowboy": {:hex, :cowboy, "2.9.0", "865dd8b6607e14cf03282e10e934023a1bd8be6f6bacf921a7e2a96d800cd452", [:make, :rebar3], [{:cowlib, "2.11.0", [hex: :cowlib, repo: "hexpm", optional: false]}, {:ranch, "1.8.0", [hex: :ranch, repo: "hexpm", optional: false]}], "hexpm", "2c729f934b4e1aa149aff882f57c6372c15399a20d54f65c8d67bef583021bde"},
  "cowboy_telemetry": {:hex, :cowboy_telemetry, "0.4.0", "f239f68b588efa7707abce16a84d0d2acf3a0f50571f8bb7f56a15865aae820c", [:rebar3], [{:cowboy, "~> 2.7", [hex: :cowboy, repo: "hexpm", optional: false]}, {:telemetry, "~> 1.0", [hex: :telemetry, repo: "hexpm", optional: false]}], "hexpm", "7d98bac1ee4565d31b62d59f8823dfd8356a169e7fcbb83831b8a5397404c9de"},
  "cowlib": {:hex, :cowlib, "2.11.0", "0b9ff9c346629256c42ebe1eeb769a83c6cb771a6ee5960bd110ab0b9b872063", [:make, :rebar3], [], "hexpm", "2b3e9da0b21c4565751a6d4901c20d1b4cc25cbb7fd50d91d2ab6dd287bc86a9"},
  "decimal": {:hex, :decimal, "1.9.0", "83e8daf59631d632b171faabafb4a9f4242c514b0a06ba3df493951c08f64d07", [:mix], [], "hexpm", "b1f2343568eed6928f3e751cf2dffde95bfaa19dd95d09e8a9ea92ccfd6f7d85"},
  "distillery": {:hex, :distillery, "2.1.1", "f9332afc2eec8a1a2b86f22429e068ef35f84a93ea1718265e740d90dd367814", [:mix], [{:artificery, "~> 0.2", [hex: :artificery, repo: "hexpm", optional: false]}], "hexpm", "bbc7008b0161a6f130d8d903b5b3232351fccc9c31a991f8fcbf2a12ace22995"},
  "ecto": {:hex, :ecto, "2.1.6", "29b45f393c2ecd99f83e418ea9b0a2af6078ecb30f401481abac8a473c490f84", [:mix], [{:db_connection, "~> 1.1", [hex: :db_connection, repo: "hexpm", optional: true]}, {:decimal, "~> 1.2", [hex: :decimal, repo: "hexpm", optional: false]}, {:mariaex, "~> 0.8.0", [hex: :mariaex, repo: "hexpm", optional: true]}, {:poison, "~> 2.2 or ~> 3.0", [hex: :poison, repo: "hexpm", optional: true]}, {:poolboy, "~> 1.5", [hex: :poolboy, repo: "hexpm", optional: false]}, {:postgrex, "~> 0.13.0", [hex: :postgrex, repo: "hexpm", optional: true]}, {:sbroker, "~> 1.0", [hex: :sbroker, repo: "hexpm", optional: true]}], "hexpm", "f76be2e4648401e27d05586f20efaa04121638ac550ce177556b48ebbd15c571"},
  "ecto_boot_migration": {:hex, :ecto_boot_migration, "0.1.1", "d23b780dc451410febb524ca454994e659fb2c85936eb5fbabf207b03003f522", [:mix], [{:ecto, ">= 0.0.0", [hex: :ecto, repo: "hexpm", optional: false]}], "hexpm", "45ef2efb15ff8a998ec0dfed93ab6978f42d35c3715cec6c0136594f9af22ef4"},
  "ecto_mnesia": {:hex, :ecto_mnesia, "0.9.1", "5887e3bcae972d9a26494a87cbd318d401a65b4af324480073d11df654d1b235", [:mix], [{:confex, "~> 3.3", [hex: :confex, repo: "hexpm", optional: false]}, {:decimal, "~> 1.5", [hex: :decimal, repo: "hexpm", optional: false]}, {:ecto, "~> 2.1.6", [hex: :ecto, repo: "hexpm", optional: false]}], "hexpm", "8b3be8085a99361be9299a6e13c00fc9ca4c14b187d972d4fdb41925278baa65"},
  "ephp": {:hex, :ephp, "0.3.0", "485a7b959db0fdb7e037806463407e575e4fcd8779bd918d1b935767dbff695e", [:rebar3], [{:ezic, "0.2.2", [hex: :ezic, repo: "hexpm", optional: false]}, {:getopt, "1.0.1", [hex: :getopt, repo: "hexpm", optional: false]}, {:recon, "2.3.2", [hex: :recon, repo: "hexpm", optional: false]}, {:unistring, "0.1.0", [hex: :unistring, repo: "hexpm", optional: false]}, {:zucchini, "0.1.0", [hex: :zucchini, repo: "hexpm", optional: false]}], "hexpm", "7be8b0744fca83e5e54647883a8bca97381492be7e928a7db16164fc2eb8b9c2"},
  "ezic": {:hex, :ezic, "0.2.2", "4088190d76c2e3d2a0d02f8f2350eb5c1d19bdf38ae8bee1f30359cf534dfe99", [:rebar3], [], "hexpm", "a8ac45942f5de170ab14d464b3dc0d054b02dfbd123a0b920303b9116acec3ed"},
  "getopt": {:hex, :getopt, "1.0.1", "c73a9fa687b217f2ff79f68a3b637711bb1936e712b521d8ce466b29cbf7808a", [:rebar3], [], "hexpm", "53e1ab83b9ceb65c9672d3e7a35b8092e9bdc9b3ee80721471a161c10c59959c"},
  "jason": {:hex, :jason, "1.3.0", "fa6b82a934feb176263ad2df0dbd91bf633d4a46ebfdffea0c8ae82953714946", [:mix], [{:decimal, "~> 1.0 or ~> 2.0", [hex: :decimal, repo: "hexpm", optional: true]}], "hexpm", "53fc1f51255390e0ec7e50f9cb41e751c260d065dcba2bf0d08dc51a4002c2ac"},
  "mime": {:hex, :mime, "2.0.2", "0b9e1a4c840eafb68d820b0e2158ef5c49385d17fb36855ac6e7e087d4b1dcc5", [:mix], [], "hexpm", "e6a3f76b4c277739e36c2e21a2c640778ba4c3846189d5ab19f97f126df5f9b7"},
  "plug": {:hex, :plug, "1.13.6", "187beb6b67c6cec50503e940f0434ea4692b19384d47e5fdfd701e93cadb4cc2", [:mix], [{:mime, "~> 1.0 or ~> 2.0", [hex: :mime, repo: "hexpm", optional: false]}, {:plug_crypto, "~> 1.1.1 or ~> 1.2", [hex: :plug_crypto, repo: "hexpm", optional: false]}, {:telemetry, "~> 0.4.3 or ~> 1.0", [hex: :telemetry, repo: "hexpm", optional: false]}], "hexpm", "02b9c6b9955bce92c829f31d6284bf53c591ca63c4fb9ff81dfd0418667a34ff"},
  "plug_cowboy": {:hex, :plug_cowboy, "2.5.2", "62894ccd601cf9597e2c23911ff12798a8a18d237e9739f58a6b04e4988899fe", [:mix], [{:cowboy, "~> 2.7", [hex: :cowboy, repo: "hexpm", optional: false]}, {:cowboy_telemetry, "~> 0.3", [hex: :cowboy_telemetry, repo: "hexpm", optional: false]}, {:plug, "~> 1.7", [hex: :plug, repo: "hexpm", optional: false]}], "hexpm", "ea6e87f774c8608d60c8d34022a7d073bd7680a0a013f049fc62bf35efea1044"},
  "plug_crypto": {:hex, :plug_crypto, "1.2.2", "05654514ac717ff3a1843204b424477d9e60c143406aa94daf2274fdd280794d", [:mix], [], "hexpm", "87631c7ad914a5a445f0a3809f99b079113ae4ed4b867348dd9eec288cecb6db"},
  "poolboy": {:hex, :poolboy, "1.5.2", "392b007a1693a64540cead79830443abf5762f5d30cf50bc95cb2c1aaafa006b", [:rebar3], [], "hexpm", "dad79704ce5440f3d5a3681c8590b9dc25d1a561e8f5a9c995281012860901e3"},
  "ranch": {:hex, :ranch, "1.8.0", "8c7a100a139fd57f17327b6413e4167ac559fbc04ca7448e9be9057311597a1d", [:make, :rebar3], [], "hexpm", "49fbcfd3682fab1f5d109351b61257676da1a2fdbe295904176d5e521a2ddfe5"},
  "recon": {:hex, :recon, "2.3.2", "4444c879be323b1b133eec5241cb84bd3821ea194c740d75617e106be4744318", [:rebar3], [], "hexpm", "a6fcfbdabe1aef9119b871304846b1ce282d9a4124bcddafc7616c1a256c7596"},
  "telemetry": {:hex, :telemetry, "1.1.0", "a589817034a27eab11144ad24d5c0f9fab1f58173274b1e9bae7074af9cbee51", [:rebar3], [], "hexpm", "b727b2a1f75614774cff2d7565b64d0dfa5bd52ba517f16543e6fc7efcc0df48"},
  "throttle": {:hex, :lambda_throttle, "0.3.0", "5f50ac593092b71d85dd1061b9673895532d34c8b4836a5c04a9f8395e183e27", [:rebar3], [], "hexpm", "ee7009525fadc5179d1214d1eb1fc26779a3bbef1fde28a772d04b41eadf5fba"},
  "unistring": {:hex, :unistring, "0.1.0", "f1d07520c0a92bdf9a1d46f4a45ba424f27fa2d081f7c0aba1f665c16a26b6c8", [:rebar3], [], "hexpm", "7dd7ffc8b2cbcb98a27bd6eebb40f0328ee273f64e8b804c3bdf3d0f3dc41d76"},
  "uuid": {:hex, :uuid, "1.1.8", "e22fc04499de0de3ed1116b770c7737779f226ceefa0badb3592e64d5cfb4eb9", [:mix], [], "hexpm", "c790593b4c3b601f5dc2378baae7efaf5b3d73c4c6456ba85759905be792f2ac"},
  "zucchini": {:hex, :zucchini, "0.1.0", "93f8508fdef86395bb071bd582e4d844bb012f2af3e986c4e49804e90e2b2b9f", [:rebar3], [], "hexpm", "a5f239aef6f2b80927ed825b20c843f0a1b9e83cefc29d2d2960a2c7c56f5bcd"},
}
